
Microsoft Visual Studio Solution File, Format Version 12.00
# Visual Studio Version 17
VisualStudioVersion = 17.4.33213.308
MinimumVisualStudioVersion = 10.0.40219.1
Project("{FAE04EC0-301F-11D3-BF4B-00C04F79EFBC}") = "CocktailsEF", "CocktailsEF\CocktailsEF.csproj", "{B813FD9A-4E48-444F-B10D-3FCAE687EB4D}"
EndProject
Global
	GlobalSection(SolutionConfigurationPlatforms) = preSolution
		Debug|Any CPU = Debug|Any CPU
		Release|Any CPU = Release|Any CPU
	EndGlobalSection
	GlobalSection(ProjectConfigurationPlatforms) = postSolution
		{B813FD9A-4E48-444F-B10D-3FCAE687EB4D}.Debug|Any CPU.ActiveCfg = Debug|Any CPU
		{B813FD9A-4E48-444F-B10D-3FCAE687EB4D}.Debug|Any CPU.Build.0 = Debug|Any CPU
		{B813FD9A-4E48-444F-B10D-3FCAE687EB4D}.Release|Any CPU.ActiveCfg = Release|Any CPU
		{B813FD9A-4E48-444F-B10D-3FCAE687EB4D}.Release|Any CPU.Build.0 = Release|Any CPU
	EndGlobalSection
	GlobalSection(SolutionProperties) = preSolution
		HideSolutionNode = FALSE
	EndGlobalSection
	GlobalSection(ExtensibilityGlobals) = postSolution
		SolutionGuid = {32AB2368-F95E-4264-BE83-8F5BBA0D49D8}
	EndGlobalSection
EndGlobal
